<?xml version="1.0" encoding="utf-8"?>
<Project ToolsVersion="4.0" xmlns="http://schemas.microsoft.com/developer/msbuild/2003">
  <ItemGroup>
    <Filter Include="Source Files">
      <UniqueIdentifier>{4FC737F1-C7A5-4376-A066-2A32D752A2FF}</UniqueIdentifier>
      <Extensions>cpp;c;cc;cxx;def;odl;idl;hpj;bat;asm;asmx</Extensions>
    </Filter>
    <Filter Include="Header Files">
      <UniqueIdentifier>{93995380-89BD-4b04-88EB-625FBE52EBFB}</UniqueIdentifier>
      <Extensions>h;hh;hpp;hxx;hm;inl;inc;xsd</Extensions>
    </Filter>
    <Filter Include="Header Files\Resource Files">
      <UniqueIdentifier>{67DA6AB6-F800-4c08-8B7A-83BB121AAD01}</UniqueIdentifier>
      <Extensions>rc;ico;cur;bmp;dlg;rc2;rct;bin;rgs;gif;jpg;jpeg;jpe;resx;tiff;tif;png;wav;mfcribbon-ms</Extensions>
    </Filter>
  </ItemGroup>
  <ItemGroup>
    <Object Include="..\..\..\..\..\..\..\systemc-2.3.1\systemc-2.3.1\msvc80\SystemC\Debug\sc_clock.obj" />
    <Object Include="..\..\..\..\..\..\..\systemc-2.3.1\systemc-2.3.1\msvc80\SystemC\Debug\scfx_utils.obj" />
    <Object Include="..\..\..\..\..\..\..\systemc-2.3.1\systemc-2.3.1\msvc80\SystemC\Debug\scfx_rep.obj" />
    <Object Include="..\..\..\..\..\..\..\systemc-2.3.1\systemc-2.3.1\msvc80\SystemC\Debug\scfx_pow10.obj" />
    <Object Include="..\..\..\..\..\..\..\systemc-2.3.1\systemc-2.3.1\msvc80\SystemC\Debug\sc_lv_base.obj" />
    <Object Include="..\..\..\..\..\..\..\systemc-2.3.1\systemc-2.3.1\msvc80\SystemC\Debug\scfx_mant.obj" />
    <Object Include="..\..\..\..\..\..\..\systemc-2.3.1\systemc-2.3.1\msvc80\SystemC\Debug\sc_logic.obj" />
    <Object Include="..\..\..\..\..\..\..\systemc-2.3.1\systemc-2.3.1\msvc80\SystemC\Debug\sc_bv_base.obj" />
    <Object Include="..\..\..\..\..\..\..\systemc-2.3.1\systemc-2.3.1\msvc80\SystemC\Debug\sc_bit.obj" />
    <Object Include="..\..\..\..\..\..\..\systemc-2.3.1\systemc-2.3.1\msvc80\SystemC\Debug\sc_signal_resolved_ports.obj" />
    <Object Include="..\..\..\..\..\..\..\systemc-2.3.1\systemc-2.3.1\msvc80\SystemC\Debug\sc_signal_resolved.obj" />
    <Object Include="..\..\..\..\..\..\..\systemc-2.3.1\systemc-2.3.1\msvc80\SystemC\Debug\sc_signal_ports.obj" />
    <Object Include="..\..\..\..\..\..\..\systemc-2.3.1\systemc-2.3.1\msvc80\SystemC\Debug\sc_signal.obj" />
    <Object Include="..\..\..\..\..\..\..\systemc-2.3.1\systemc-2.3.1\msvc80\SystemC\Debug\sc_semaphore.obj" />
    <Object Include="..\..\..\..\..\..\..\systemc-2.3.1\systemc-2.3.1\msvc80\SystemC\Debug\sc_prim_channel.obj" />
    <Object Include="..\..\..\..\..\..\..\systemc-2.3.1\systemc-2.3.1\msvc80\SystemC\Debug\sc_port.obj" />
    <Object Include="..\..\..\..\..\..\..\systemc-2.3.1\systemc-2.3.1\msvc80\SystemC\Debug\sc_mutex.obj" />
    <Object Include="..\..\..\..\..\..\..\systemc-2.3.1\systemc-2.3.1\msvc80\SystemC\Debug\sc_export.obj" />
    <Object Include="..\..\..\..\..\..\..\systemc-2.3.1\systemc-2.3.1\msvc80\SystemC\Debug\sc_interface.obj" />
    <Object Include="..\..\..\..\..\..\..\systemc-2.3.1\systemc-2.3.1\msvc80\SystemC\Debug\sc_event_queue.obj" />
    <Object Include="..\..\..\..\..\..\..\systemc-2.3.1\systemc-2.3.1\msvc80\SystemC\Debug\sc_event_finder.obj" />
    <Object Include="..\..\..\..\..\..\..\systemc-2.3.1\systemc-2.3.1\msvc80\SystemC\Debug\sc_value_base.obj" />
    <Object Include="..\..\..\..\..\..\..\systemc-2.3.1\systemc-2.3.1\msvc80\SystemC\Debug\sc_concatref.obj" />
    <Object Include="..\..\..\..\..\..\..\systemc-2.3.1\systemc-2.3.1\msvc80\SystemC\Debug\sc_unsigned.obj" />
    <Object Include="..\..\..\..\..\..\..\systemc-2.3.1\systemc-2.3.1\msvc80\SystemC\Debug\sc_uint_base.obj" />
    <Object Include="..\..\..\..\..\..\..\systemc-2.3.1\systemc-2.3.1\msvc80\SystemC\Debug\sc_signed.obj" />
    <Object Include="..\..\..\..\..\..\..\systemc-2.3.1\systemc-2.3.1\msvc80\SystemC\Debug\sc_nbutils.obj" />
    <Object Include="..\..\..\..\..\..\..\systemc-2.3.1\systemc-2.3.1\msvc80\SystemC\Debug\sc_nbdefs.obj" />
    <Object Include="..\..\..\..\..\..\..\systemc-2.3.1\systemc-2.3.1\msvc80\SystemC\Debug\sc_nbexterns.obj" />
    <Object Include="..\..\..\..\..\..\..\systemc-2.3.1\systemc-2.3.1\msvc80\SystemC\Debug\sc_length_param.obj" />
    <Object Include="..\..\..\..\..\..\..\systemc-2.3.1\systemc-2.3.1\msvc80\SystemC\Debug\sc_int_base.obj" />
    <Object Include="..\..\..\..\..\..\..\systemc-2.3.1\systemc-2.3.1\msvc80\SystemC\Debug\sc_int64_io.obj" />
    <Object Include="..\..\..\..\..\..\..\systemc-2.3.1\systemc-2.3.1\msvc80\SystemC\Debug\sc_int64_mask.obj" />
    <Object Include="..\..\..\..\..\..\..\systemc-2.3.1\systemc-2.3.1\msvc80\SystemC\Debug\sc_fxval_observer.obj" />
    <Object Include="..\..\..\..\..\..\..\systemc-2.3.1\systemc-2.3.1\msvc80\SystemC\Debug\sc_int32_mask.obj" />
    <Object Include="..\..\..\..\..\..\..\systemc-2.3.1\systemc-2.3.1\msvc80\SystemC\Debug\sc_fxval.obj" />
    <Object Include="..\..\..\..\..\..\..\systemc-2.3.1\systemc-2.3.1\msvc80\SystemC\Debug\sc_fxtype_params.obj" />
    <Object Include="..\..\..\..\..\..\..\systemc-2.3.1\systemc-2.3.1\msvc80\SystemC\Debug\sc_fxnum.obj" />
    <Object Include="..\..\..\..\..\..\..\systemc-2.3.1\systemc-2.3.1\msvc80\SystemC\Debug\sc_fxnum_observer.obj" />
    <Object Include="..\..\..\..\..\..\..\systemc-2.3.1\systemc-2.3.1\msvc80\SystemC\Debug\sc_fxdefs.obj" />
    <Object Include="..\..\..\..\..\..\..\systemc-2.3.1\systemc-2.3.1\msvc80\SystemC\Debug\sc_fxcast_switch.obj" />
    <Object Include="..\..\..\..\..\..\..\systemc-2.3.1\systemc-2.3.1\msvc80\SystemC\Debug\sc_simcontext.obj" />
    <Object Include="..\..\..\..\..\..\..\systemc-2.3.1\systemc-2.3.1\msvc80\SystemC\Debug\sc_sensitive.obj" />
    <Object Include="..\..\..\..\..\..\..\systemc-2.3.1\systemc-2.3.1\msvc80\SystemC\Debug\sc_reset.obj" />
    <Object Include="..\..\..\..\..\..\..\systemc-2.3.1\systemc-2.3.1\msvc80\SystemC\Debug\sc_process.obj" />
    <Object Include="..\..\..\..\..\..\..\systemc-2.3.1\systemc-2.3.1\msvc80\SystemC\Debug\sc_phase_callback_registry.obj" />
    <Object Include="..\..\..\..\..\..\..\systemc-2.3.1\systemc-2.3.1\msvc80\SystemC\Debug\sc_object_manager.obj" />
    <Object Include="..\..\..\..\..\..\..\systemc-2.3.1\systemc-2.3.1\msvc80\SystemC\Debug\sc_object.obj" />
    <Object Include="..\..\..\..\..\..\..\systemc-2.3.1\systemc-2.3.1\msvc80\SystemC\Debug\sc_name_gen.obj" />
    <Object Include="..\..\..\..\..\..\..\systemc-2.3.1\systemc-2.3.1\msvc80\SystemC\Debug\sc_module_registry.obj" />
    <Object Include="..\..\..\..\..\..\..\systemc-2.3.1\systemc-2.3.1\msvc80\SystemC\Debug\sc_module_name.obj" />
    <Object Include="..\..\..\..\..\..\..\systemc-2.3.1\systemc-2.3.1\msvc80\SystemC\Debug\sc_module.obj" />
    <Object Include="..\..\..\..\..\..\..\systemc-2.3.1\systemc-2.3.1\msvc80\SystemC\Debug\sc_method_process.obj" />
    <Object Include="..\..\..\..\..\..\..\systemc-2.3.1\systemc-2.3.1\msvc80\SystemC\Debug\sc_main_main.obj" />
    <Object Include="..\..\..\..\..\..\..\systemc-2.3.1\systemc-2.3.1\msvc80\SystemC\Debug\sc_join.obj" />
    <Object Include="..\..\..\..\..\..\..\systemc-2.3.1\systemc-2.3.1\msvc80\SystemC\Debug\sc_main.obj" />
    <Object Include="..\..\..\..\..\..\..\systemc-2.3.1\systemc-2.3.1\msvc80\SystemC\Debug\sc_except.obj" />
    <Object Include="..\..\..\..\..\..\..\systemc-2.3.1\systemc-2.3.1\msvc80\SystemC\Debug\sc_event.obj" />
    <Object Include="..\..\..\..\..\..\..\systemc-2.3.1\systemc-2.3.1\msvc80\SystemC\Debug\sc_cthread_process.obj" />
    <Object Include="..\..\..\..\..\..\..\systemc-2.3.1\systemc-2.3.1\msvc80\SystemC\Debug\sc_cor_fiber.obj" />
    <Object Include="..\..\..\..\..\..\..\systemc-2.3.1\systemc-2.3.1\msvc80\SystemC\Debug\sc_attribute.obj" />
    <Object Include="..\..\..\..\..\..\..\systemc-2.3.1\systemc-2.3.1\msvc80\SystemC\Debug\sc_vector.obj" />
    <Object Include="..\..\..\..\..\..\..\systemc-2.3.1\systemc-2.3.1\msvc80\SystemC\Debug\sc_utils_ids.obj" />
    <Object Include="..\..\..\..\..\..\..\systemc-2.3.1\systemc-2.3.1\msvc80\SystemC\Debug\sc_string.obj" />
    <Object Include="..\..\..\..\..\..\..\systemc-2.3.1\systemc-2.3.1\msvc80\SystemC\Debug\sc_stop_here.obj" />
    <Object Include="..\..\..\..\..\..\..\systemc-2.3.1\systemc-2.3.1\msvc80\SystemC\Debug\sc_report_handler.obj" />
    <Object Include="..\..\..\..\..\..\..\systemc-2.3.1\systemc-2.3.1\msvc80\SystemC\Debug\sc_report.obj" />
    <Object Include="..\..\..\..\..\..\..\systemc-2.3.1\systemc-2.3.1\msvc80\SystemC\Debug\sc_mempool.obj" />
    <Object Include="..\..\..\..\..\..\..\systemc-2.3.1\systemc-2.3.1\msvc80\SystemC\Debug\sc_pq.obj" />
    <Object Include="..\..\..\..\..\..\..\systemc-2.3.1\systemc-2.3.1\msvc80\SystemC\Debug\sc_list.obj" />
    <Object Include="..\..\..\..\..\..\..\systemc-2.3.1\systemc-2.3.1\msvc80\SystemC\Debug\sc_hash.obj" />
    <Object Include="..\..\..\..\..\..\..\systemc-2.3.1\systemc-2.3.1\msvc80\SystemC\Debug\sc_wif_trace.obj" />
    <Object Include="..\..\..\..\..\..\..\systemc-2.3.1\systemc-2.3.1\msvc80\SystemC\Debug\sc_vcd_trace.obj" />
    <Object Include="..\..\..\..\..\..\..\systemc-2.3.1\systemc-2.3.1\msvc80\SystemC\Debug\sc_trace_file_base.obj" />
    <Object Include="..\..\..\..\..\..\..\systemc-2.3.1\systemc-2.3.1\msvc80\SystemC\Debug\sc_trace.obj" />
    <Object Include="..\..\..\..\..\..\..\systemc-2.3.1\systemc-2.3.1\msvc80\SystemC\Debug\sc_wait_cthread.obj" />
    <Object Include="..\..\..\..\..\..\..\systemc-2.3.1\systemc-2.3.1\msvc80\SystemC\Debug\sc_wait.obj" />
    <Object Include="..\..\..\..\..\..\..\systemc-2.3.1\systemc-2.3.1\msvc80\SystemC\Debug\sc_ver.obj" />
    <Object Include="..\..\..\..\..\..\..\systemc-2.3.1\systemc-2.3.1\msvc80\SystemC\Debug\sc_time.obj" />
    <Object Include="..\..\..\..\..\..\..\systemc-2.3.1\systemc-2.3.1\msvc80\SystemC\Debug\sc_thread_process.obj" />
    <Object Include="..\..\..\..\..\..\..\systemc-2.3.1\systemc-2.3.1\msvc80\SystemC\Debug\sc_spawn_options.obj" />
  </ItemGroup>
  <ItemGroup>
    <ClInclude Include="adder.h">
      <Filter>Header Files</Filter>
    </ClInclude>
    <ClInclude Include="stim.h">
      <Filter>Header Files</Filter>
    </ClInclude>
    <ClInclude Include="check.h">
      <Filter>Header Files</Filter>
    </ClInclude>
  </ItemGroup>
  <ItemGroup>
    <ClCompile Include="sc_main.cpp">
      <Filter>Source Files</Filter>
    </ClCompile>
  </ItemGroup>
</Project>